// !$*UTF8*$!
{
	archiveVersion = 1;
	classes = {
	};
	objectVersion = 46;
	objects = {

/* Begin PBXBuildFile section */
		9B0F3A1B19CAC34600DE3DF9 /* JHRefreshCommonExampleController.m in Sources */ = {isa = PBXBuildFile; fileRef = 9B0F3A1A19CAC34600DE3DF9 /* JHRefreshCommonExampleController.m */; };
		9B0F3A1E19CAC36200DE3DF9 /* JHRefreshAmazingExampleController.m in Sources */ = {isa = PBXBuildFile; fileRef = 9B0F3A1D19CAC36200DE3DF9 /* JHRefreshAmazingExampleController.m */; };
		9B0F3A2119CACE3900DE3DF9 /* JHRefreshBaseTableViewController.m in Sources */ = {isa = PBXBuildFile; fileRef = 9B0F3A2019CACE3900DE3DF9 /* JHRefreshBaseTableViewController.m */; };
		9B4911F719C80565007F607A /* JHRefreshFooterView.m in Sources */ = {isa = PBXBuildFile; fileRef = 9B4911F619C80565007F607A /* JHRefreshFooterView.m */; };
		9B5AF3A419C97C2700CD4AFC /* JHRefreshAmazingAniView.m in Sources */ = {isa = PBXBuildFile; fileRef = 9B5AF3A319C97C2700CD4AFC /* JHRefreshAmazingAniView.m */; };
		9B5AF3A619C97CCC00CD4AFC /* JHRefresh.bundle in Resources */ = {isa = PBXBuildFile; fileRef = 9B5AF3A519C97CCC00CD4AFC /* JHRefresh.bundle */; };
		9B76577719C672100098B394 /* JHRefreshCommonAniView.m in Sources */ = {isa = PBXBuildFile; fileRef = 9B76577619C672100098B394 /* JHRefreshCommonAniView.m */; };
		9B76577C19C67AEE0098B394 /* JHRefreshHeaderView.m in Sources */ = {isa = PBXBuildFile; fileRef = 9B76577B19C67AEE0098B394 /* JHRefreshHeaderView.m */; };
		9B76577F19C67E950098B394 /* JHRefreshAniBaseView.m in Sources */ = {isa = PBXBuildFile; fileRef = 9B76577E19C67E950098B394 /* JHRefreshAniBaseView.m */; };
		9B76578519C6B6C10098B394 /* UIView+JHExtension.m in Sources */ = {isa = PBXBuildFile; fileRef = 9B76578419C6B6C00098B394 /* UIView+JHExtension.m */; };
		9B76578819C6C17B0098B394 /* UIScrollView+JHExtension.m in Sources */ = {isa = PBXBuildFile; fileRef = 9B76578719C6C17B0098B394 /* UIScrollView+JHExtension.m */; };
		9B76578B19C6CE760098B394 /* JHRefreshExampleViewController.m in Sources */ = {isa = PBXBuildFile; fileRef = 9B76578A19C6CE760098B394 /* JHRefreshExampleViewController.m */; };
		9B76579019C6CFE00098B394 /* UIScrollView+JHRefresh.m in Sources */ = {isa = PBXBuildFile; fileRef = 9B76578F19C6CFE00098B394 /* UIScrollView+JHRefresh.m */; };
		9B8B174219C2850700A07333 /* Foundation.framework in Frameworks */ = {isa = PBXBuildFile; fileRef = 9B8B174119C2850700A07333 /* Foundation.framework */; };
		9B8B174419C2850700A07333 /* CoreGraphics.framework in Frameworks */ = {isa = PBXBuildFile; fileRef = 9B8B174319C2850700A07333 /* CoreGraphics.framework */; };
		9B8B174619C2850700A07333 /* UIKit.framework in Frameworks */ = {isa = PBXBuildFile; fileRef = 9B8B174519C2850700A07333 /* UIKit.framework */; };
		9B925CDE19D2BDAD0048CE7F /* JHRefreshCombineExampleController.m in Sources */ = {isa = PBXBuildFile; fileRef = 9B925CDD19D2BDAD0048CE7F /* JHRefreshCombineExampleController.m */; };
		9BB3B6CE19D3D2360016668A /* Amazing.gif in Resources */ = {isa = PBXBuildFile; fileRef = 9BB3B6CB19D3D2360016668A /* Amazing.gif */; };
		9BB3B6CF19D3D2360016668A /* Combine.gif in Resources */ = {isa = PBXBuildFile; fileRef = 9BB3B6CC19D3D2360016668A /* Combine.gif */; };
		9BB3B6D019D3D2360016668A /* Common.gif in Resources */ = {isa = PBXBuildFile; fileRef = 9BB3B6CD19D3D2360016668A /* Common.gif */; };
		9BE4029619C28699002A8F87 /* Images.xcassets in Resources */ = {isa = PBXBuildFile; fileRef = 9BE4029019C28699002A8F87 /* Images.xcassets */; };
		9BE4029719C28699002A8F87 /* JHAppDelegate.m in Sources */ = {isa = PBXBuildFile; fileRef = 9BE4029219C28699002A8F87 /* JHAppDelegate.m */; };
		9BE4029919C28699002A8F87 /* main.m in Sources */ = {isa = PBXBuildFile; fileRef = 9BE4029519C28699002A8F87 /* main.m */; };
		9BE4029E19C288DA002A8F87 /* InfoPlist.strings in Resources */ = {isa = PBXBuildFile; fileRef = 9BE4029C19C288DA002A8F87 /* InfoPlist.strings */; };
		9BE402AC19C2A5C2002A8F87 /* JHRefreshBaseView.m in Sources */ = {isa = PBXBuildFile; fileRef = 9BE402A819C2A5C2002A8F87 /* JHRefreshBaseView.m */; };
		9BE402AD19C2A5C2002A8F87 /* JHRefreshConfig.m in Sources */ = {isa = PBXBuildFile; fileRef = 9BE402AA19C2A5C2002A8F87 /* JHRefreshConfig.m */; };
/* End PBXBuildFile section */

/* Begin PBXFileReference section */
		9B0F3A1919CAC34600DE3DF9 /* JHRefreshCommonExampleController.h */ = {isa = PBXFileReference; fileEncoding = 4; lastKnownFileType = sourcecode.c.h; path = JHRefreshCommonExampleController.h; sourceTree = "<group>"; };
		9B0F3A1A19CAC34600DE3DF9 /* JHRefreshCommonExampleController.m */ = {isa = PBXFileReference; fileEncoding = 4; lastKnownFileType = sourcecode.c.objc; path = JHRefreshCommonExampleController.m; sourceTree = "<group>"; };
		9B0F3A1C19CAC36200DE3DF9 /* JHRefreshAmazingExampleController.h */ = {isa = PBXFileReference; fileEncoding = 4; lastKnownFileType = sourcecode.c.h; path = JHRefreshAmazingExampleController.h; sourceTree = "<group>"; };
		9B0F3A1D19CAC36200DE3DF9 /* JHRefreshAmazingExampleController.m */ = {isa = PBXFileReference; fileEncoding = 4; lastKnownFileType = sourcecode.c.objc; path = JHRefreshAmazingExampleController.m; sourceTree = "<group>"; };
		9B0F3A1F19CACE3900DE3DF9 /* JHRefreshBaseTableViewController.h */ = {isa = PBXFileReference; fileEncoding = 4; lastKnownFileType = sourcecode.c.h; path = JHRefreshBaseTableViewController.h; sourceTree = "<group>"; };
		9B0F3A2019CACE3900DE3DF9 /* JHRefreshBaseTableViewController.m */ = {isa = PBXFileReference; fileEncoding = 4; lastKnownFileType = sourcecode.c.objc; path = JHRefreshBaseTableViewController.m; sourceTree = "<group>"; };
		9B3625CE19D29EBB00AAC32F /* JHRefresh-Prefix.pch */ = {isa = PBXFileReference; fileEncoding = 4; lastKnownFileType = sourcecode.c.h; path = "JHRefresh-Prefix.pch"; sourceTree = "<group>"; };
		9B4911F519C80565007F607A /* JHRefreshFooterView.h */ = {isa = PBXFileReference; fileEncoding = 4; lastKnownFileType = sourcecode.c.h; path = JHRefreshFooterView.h; sourceTree = "<group>"; };
		9B4911F619C80565007F607A /* JHRefreshFooterView.m */ = {isa = PBXFileReference; fileEncoding = 4; lastKnownFileType = sourcecode.c.objc; path = JHRefreshFooterView.m; sourceTree = "<group>"; };
		9B5AF3A219C97C2700CD4AFC /* JHRefreshAmazingAniView.h */ = {isa = PBXFileReference; fileEncoding = 4; lastKnownFileType = sourcecode.c.h; path = JHRefreshAmazingAniView.h; sourceTree = "<group>"; };
		9B5AF3A319C97C2700CD4AFC /* JHRefreshAmazingAniView.m */ = {isa = PBXFileReference; fileEncoding = 4; lastKnownFileType = sourcecode.c.objc; path = JHRefreshAmazingAniView.m; sourceTree = "<group>"; };
		9B5AF3A519C97CCC00CD4AFC /* JHRefresh.bundle */ = {isa = PBXFileReference; lastKnownFileType = "wrapper.plug-in"; path = JHRefresh.bundle; sourceTree = "<group>"; };
		9B76577319C6705A0098B394 /* JHRefreshViewDelegate.h */ = {isa = PBXFileReference; lastKnownFileType = sourcecode.c.h; path = JHRefreshViewDelegate.h; sourceTree = "<group>"; };
		9B76577519C672100098B394 /* JHRefreshCommonAniView.h */ = {isa = PBXFileReference; fileEncoding = 4; lastKnownFileType = sourcecode.c.h; path = JHRefreshCommonAniView.h; sourceTree = "<group>"; };
		9B76577619C672100098B394 /* JHRefreshCommonAniView.m */ = {isa = PBXFileReference; fileEncoding = 4; lastKnownFileType = sourcecode.c.objc; path = JHRefreshCommonAniView.m; sourceTree = "<group>"; };
		9B76577A19C67AEE0098B394 /* JHRefreshHeaderView.h */ = {isa = PBXFileReference; fileEncoding = 4; lastKnownFileType = sourcecode.c.h; path = JHRefreshHeaderView.h; sourceTree = "<group>"; };
		9B76577B19C67AEE0098B394 /* JHRefreshHeaderView.m */ = {isa = PBXFileReference; fileEncoding = 4; lastKnownFileType = sourcecode.c.objc; path = JHRefreshHeaderView.m; sourceTree = "<group>"; };
		9B76577D19C67E950098B394 /* JHRefreshAniBaseView.h */ = {isa = PBXFileReference; fileEncoding = 4; lastKnownFileType = sourcecode.c.h; path = JHRefreshAniBaseView.h; sourceTree = "<group>"; };
		9B76577E19C67E950098B394 /* JHRefreshAniBaseView.m */ = {isa = PBXFileReference; fileEncoding = 4; lastKnownFileType = sourcecode.c.objc; path = JHRefreshAniBaseView.m; sourceTree = "<group>"; };
		9B76578319C6B6C00098B394 /* UIView+JHExtension.h */ = {isa = PBXFileReference; fileEncoding = 4; lastKnownFileType = sourcecode.c.h; path = "UIView+JHExtension.h"; sourceTree = "<group>"; };
		9B76578419C6B6C00098B394 /* UIView+JHExtension.m */ = {isa = PBXFileReference; fileEncoding = 4; lastKnownFileType = sourcecode.c.objc; path = "UIView+JHExtension.m"; sourceTree = "<group>"; };
		9B76578619C6C17B0098B394 /* UIScrollView+JHExtension.h */ = {isa = PBXFileReference; fileEncoding = 4; lastKnownFileType = sourcecode.c.h; path = "UIScrollView+JHExtension.h"; sourceTree = "<group>"; };
		9B76578719C6C17B0098B394 /* UIScrollView+JHExtension.m */ = {isa = PBXFileReference; fileEncoding = 4; lastKnownFileType = sourcecode.c.objc; path = "UIScrollView+JHExtension.m"; sourceTree = "<group>"; };
		9B76578919C6CE760098B394 /* JHRefreshExampleViewController.h */ = {isa = PBXFileReference; fileEncoding = 4; lastKnownFileType = sourcecode.c.h; path = JHRefreshExampleViewController.h; sourceTree = "<group>"; };
		9B76578A19C6CE760098B394 /* JHRefreshExampleViewController.m */ = {isa = PBXFileReference; fileEncoding = 4; lastKnownFileType = sourcecode.c.objc; path = JHRefreshExampleViewController.m; sourceTree = "<group>"; };
		9B76578D19C6CEFA0098B394 /* JHRefresh.h */ = {isa = PBXFileReference; lastKnownFileType = sourcecode.c.h; path = JHRefresh.h; sourceTree = "<group>"; };
		9B76578E19C6CFE00098B394 /* UIScrollView+JHRefresh.h */ = {isa = PBXFileReference; fileEncoding = 4; lastKnownFileType = sourcecode.c.h; path = "UIScrollView+JHRefresh.h"; sourceTree = "<group>"; };
		9B76578F19C6CFE00098B394 /* UIScrollView+JHRefresh.m */ = {isa = PBXFileReference; fileEncoding = 4; lastKnownFileType = sourcecode.c.objc; path = "UIScrollView+JHRefresh.m"; sourceTree = "<group>"; };
		9B8B173E19C2850700A07333 /* JHRefresh.app */ = {isa = PBXFileReference; explicitFileType = wrapper.application; includeInIndex = 0; path = JHRefresh.app; sourceTree = BUILT_PRODUCTS_DIR; };
		9B8B174119C2850700A07333 /* Foundation.framework */ = {isa = PBXFileReference; lastKnownFileType = wrapper.framework; name = Foundation.framework; path = System/Library/Frameworks/Foundation.framework; sourceTree = SDKROOT; };
		9B8B174319C2850700A07333 /* CoreGraphics.framework */ = {isa = PBXFileReference; lastKnownFileType = wrapper.framework; name = CoreGraphics.framework; path = System/Library/Frameworks/CoreGraphics.framework; sourceTree = SDKROOT; };
		9B8B174519C2850700A07333 /* UIKit.framework */ = {isa = PBXFileReference; lastKnownFileType = wrapper.framework; name = UIKit.framework; path = System/Library/Frameworks/UIKit.framework; sourceTree = SDKROOT; };
		9B8B175A19C2850700A07333 /* XCTest.framework */ = {isa = PBXFileReference; lastKnownFileType = wrapper.framework; name = XCTest.framework; path = Library/Frameworks/XCTest.framework; sourceTree = DEVELOPER_DIR; };
		9B925CDC19D2BDAD0048CE7F /* JHRefreshCombineExampleController.h */ = {isa = PBXFileReference; fileEncoding = 4; lastKnownFileType = sourcecode.c.h; path = JHRefreshCombineExampleController.h; sourceTree = "<group>"; };
		9B925CDD19D2BDAD0048CE7F /* JHRefreshCombineExampleController.m */ = {isa = PBXFileReference; fileEncoding = 4; lastKnownFileType = sourcecode.c.objc; path = JHRefreshCombineExampleController.m; sourceTree = "<group>"; };
		9BB3B6CB19D3D2360016668A /* Amazing.gif */ = {isa = PBXFileReference; lastKnownFileType = image.gif; path = Amazing.gif; sourceTree = "<group>"; };
		9BB3B6CC19D3D2360016668A /* Combine.gif */ = {isa = PBXFileReference; lastKnownFileType = image.gif; path = Combine.gif; sourceTree = "<group>"; };
		9BB3B6CD19D3D2360016668A /* Common.gif */ = {isa = PBXFileReference; lastKnownFileType = image.gif; path = Common.gif; sourceTree = "<group>"; };
		9BE4029019C28699002A8F87 /* Images.xcassets */ = {isa = PBXFileReference; lastKnownFileType = folder.assetcatalog; path = Images.xcassets; sourceTree = "<group>"; };
		9BE4029119C28699002A8F87 /* JHAppDelegate.h */ = {isa = PBXFileReference; fileEncoding = 4; lastKnownFileType = sourcecode.c.h; path = JHAppDelegate.h; sourceTree = "<group>"; };
		9BE4029219C28699002A8F87 /* JHAppDelegate.m */ = {isa = PBXFileReference; fileEncoding = 4; lastKnownFileType = sourcecode.c.objc; path = JHAppDelegate.m; sourceTree = "<group>"; };
		9BE4029319C28699002A8F87 /* JHRefresh-Info.plist */ = {isa = PBXFileReference; fileEncoding = 4; lastKnownFileType = text.plist.xml; path = "JHRefresh-Info.plist"; sourceTree = "<group>"; };
		9BE4029519C28699002A8F87 /* main.m */ = {isa = PBXFileReference; fileEncoding = 4; lastKnownFileType = sourcecode.c.objc; path = main.m; sourceTree = "<group>"; };
		9BE4029D19C288DA002A8F87 /* en */ = {isa = PBXFileReference; lastKnownFileType = text.plist.strings; name = en; path = en.lproj/InfoPlist.strings; sourceTree = "<group>"; };
		9BE402A719C2A5C2002A8F87 /* JHRefreshBaseView.h */ = {isa = PBXFileReference; fileEncoding = 4; lastKnownFileType = sourcecode.c.h; path = JHRefreshBaseView.h; sourceTree = "<group>"; };
		9BE402A819C2A5C2002A8F87 /* JHRefreshBaseView.m */ = {isa = PBXFileReference; fileEncoding = 4; lastKnownFileType = sourcecode.c.objc; path = JHRefreshBaseView.m; sourceTree = "<group>"; };
		9BE402A919C2A5C2002A8F87 /* JHRefreshConfig.h */ = {isa = PBXFileReference; fileEncoding = 4; lastKnownFileType = sourcecode.c.h; path = JHRefreshConfig.h; sourceTree = "<group>"; };
		9BE402AA19C2A5C2002A8F87 /* JHRefreshConfig.m */ = {isa = PBXFileReference; fileEncoding = 4; lastKnownFileType = sourcecode.c.objc; path = JHRefreshConfig.m; sourceTree = "<group>"; };
		9BE402AB19C2A5C2002A8F87 /* JHRefreshMacro.h */ = {isa = PBXFileReference; fileEncoding = 4; lastKnownFileType = sourcecode.c.h; path = JHRefreshMacro.h; sourceTree = "<group>"; };
/* End PBXFileReference section */

/* Begin PBXFrameworksBuildPhase section */
		9B8B173B19C2850700A07333 /* Frameworks */ = {
			isa = PBXFrameworksBuildPhase;
			buildActionMask = 2147483647;
			files = (
				9B8B174419C2850700A07333 /* CoreGraphics.framework in Frameworks */,
				9B8B174619C2850700A07333 /* UIKit.framework in Frameworks */,
				9B8B174219C2850700A07333 /* Foundation.framework in Frameworks */,
			);
			runOnlyForDeploymentPostprocessing = 0;
		};
/* End PBXFrameworksBuildPhase section */

/* Begin PBXGroup section */
		9B76577419C671E10098B394 /* AnimationView */ = {
			isa = PBXGroup;
			children = (
				9B76577D19C67E950098B394 /* JHRefreshAniBaseView.h */,
				9B76577E19C67E950098B394 /* JHRefreshAniBaseView.m */,
				9B76577519C672100098B394 /* JHRefreshCommonAniView.h */,
				9B76577619C672100098B394 /* JHRefreshCommonAniView.m */,
				9B5AF3A219C97C2700CD4AFC /* JHRefreshAmazingAniView.h */,
				9B5AF3A319C97C2700CD4AFC /* JHRefreshAmazingAniView.m */,
			);
			path = AnimationView;
			sourceTree = "<group>";
		};
		9B8B173519C2850700A07333 = {
			isa = PBXGroup;
			children = (
				9BE402A619C2A5C2002A8F87 /* JHRefresh */,
				9B8B177019C2865000A07333 /* JHRefreshExample */,
				9BB3B6CA19D3D2360016668A /* JHRefreshSnapShot */,
				9B8B174019C2850700A07333 /* Frameworks */,
				9B8B173F19C2850700A07333 /* Products */,
			);
			sourceTree = "<group>";
		};
		9B8B173F19C2850700A07333 /* Products */ = {
			isa = PBXGroup;
			children = (
				9B8B173E19C2850700A07333 /* JHRefresh.app */,
			);
			name = Products;
			sourceTree = "<group>";
		};
		9B8B174019C2850700A07333 /* Frameworks */ = {
			isa = PBXGroup;
			children = (
				9B8B174119C2850700A07333 /* Foundation.framework */,
				9B8B174319C2850700A07333 /* CoreGraphics.framework */,
				9B8B174519C2850700A07333 /* UIKit.framework */,
				9B8B175A19C2850700A07333 /* XCTest.framework */,
			);
			name = Frameworks;
			sourceTree = "<group>";
		};
		9B8B177019C2865000A07333 /* JHRefreshExample */ = {
			isa = PBXGroup;
			children = (
				9BE4029119C28699002A8F87 /* JHAppDelegate.h */,
				9BE4029219C28699002A8F87 /* JHAppDelegate.m */,
				9B76578919C6CE760098B394 /* JHRefreshExampleViewController.h */,
				9B76578A19C6CE760098B394 /* JHRefreshExampleViewController.m */,
				9B0F3A1F19CACE3900DE3DF9 /* JHRefreshBaseTableViewController.h */,
				9B0F3A2019CACE3900DE3DF9 /* JHRefreshBaseTableViewController.m */,
				9B0F3A1919CAC34600DE3DF9 /* JHRefreshCommonExampleController.h */,
				9B0F3A1A19CAC34600DE3DF9 /* JHRefreshCommonExampleController.m */,
				9B0F3A1C19CAC36200DE3DF9 /* JHRefreshAmazingExampleController.h */,
				9B0F3A1D19CAC36200DE3DF9 /* JHRefreshAmazingExampleController.m */,
				9B925CDC19D2BDAD0048CE7F /* JHRefreshCombineExampleController.h */,
				9B925CDD19D2BDAD0048CE7F /* JHRefreshCombineExampleController.m */,
				9BE4029019C28699002A8F87 /* Images.xcassets */,
				9BE4029A19C286B7002A8F87 /* Supporting Files */,
			);
			path = JHRefreshExample;
			sourceTree = "<group>";
		};
		9BB3B6CA19D3D2360016668A /* JHRefreshSnapShot */ = {
			isa = PBXGroup;
			children = (
				9BB3B6CB19D3D2360016668A /* Amazing.gif */,
				9BB3B6CC19D3D2360016668A /* Combine.gif */,
				9BB3B6CD19D3D2360016668A /* Common.gif */,
			);
			path = JHRefreshSnapShot;
			sourceTree = "<group>";
		};
		9BE4029A19C286B7002A8F87 /* Supporting Files */ = {
			isa = PBXGroup;
			children = (
				9BE4029C19C288DA002A8F87 /* InfoPlist.strings */,
				9BE4029519C28699002A8F87 /* main.m */,
				9BE4029319C28699002A8F87 /* JHRefresh-Info.plist */,
				9B3625CE19D29EBB00AAC32F /* JHRefresh-Prefix.pch */,
			);
			name = "Supporting Files";
			sourceTree = "<group>";
		};
		9BE402A619C2A5C2002A8F87 /* JHRefresh */ = {
			isa = PBXGroup;
			children = (
				9B5AF3A519C97CCC00CD4AFC /* JHRefresh.bundle */,
				9B76578D19C6CEFA0098B394 /* JHRefresh.h */,
				9B76577319C6705A0098B394 /* JHRefreshViewDelegate.h */,
				9BE402A719C2A5C2002A8F87 /* JHRefreshBaseView.h */,
				9BE402A819C2A5C2002A8F87 /* JHRefreshBaseView.m */,
				9B76577A19C67AEE0098B394 /* JHRefreshHeaderView.h */,
				9B76577B19C67AEE0098B394 /* JHRefreshHeaderView.m */,
				9B4911F519C80565007F607A /* JHRefreshFooterView.h */,
				9B4911F619C80565007F607A /* JHRefreshFooterView.m */,
				9BE402A919C2A5C2002A8F87 /* JHRefreshConfig.h */,
				9BE402AA19C2A5C2002A8F87 /* JHRefreshConfig.m */,
				9BE402AB19C2A5C2002A8F87 /* JHRefreshMacro.h */,
				9B76578E19C6CFE00098B394 /* UIScrollView+JHRefresh.h */,
				9B76578F19C6CFE00098B394 /* UIScrollView+JHRefresh.m */,
				9B76578319C6B6C00098B394 /* UIView+JHExtension.h */,
				9B76578419C6B6C00098B394 /* UIView+JHExtension.m */,
				9B76578619C6C17B0098B394 /* UIScrollView+JHExtension.h */,
				9B76578719C6C17B0098B394 /* UIScrollView+JHExtension.m */,
				9B76577419C671E10098B394 /* AnimationView */,
			);
			path = JHRefresh;
			sourceTree = "<group>";
		};
/* End PBXGroup section */

/* Begin PBXNativeTarget section */
		9B8B173D19C2850700A07333 /* JHRefresh */ = {
			isa = PBXNativeTarget;
			buildConfigurationList = 9B8B176A19C2850800A07333 /* Build configuration list for PBXNativeTarget "JHRefresh" */;
			buildPhases = (
				9B8B173A19C2850700A07333 /* Sources */,
				9B8B173B19C2850700A07333 /* Frameworks */,
				9B8B173C19C2850700A07333 /* Resources */,
			);
			buildRules = (
			);
			dependencies = (
			);
			name = JHRefresh;
			productName = JHRefresh;
			productReference = 9B8B173E19C2850700A07333 /* JHRefresh.app */;
			productType = "com.apple.product-type.application";
		};
/* End PBXNativeTarget section */

/* Begin PBXProject section */
		9B8B173619C2850700A07333 /* Project object */ = {
			isa = PBXProject;
			attributes = {
				CLASSPREFIX = JH;
				LastUpgradeCheck = 0510;
				ORGANIZATIONNAME = Jiahai;
			};
			buildConfigurationList = 9B8B173919C2850700A07333 /* Build configuration list for PBXProject "JHRefresh" */;
			compatibilityVersion = "Xcode 3.2";
			developmentRegion = English;
			hasScannedForEncodings = 0;
			knownRegions = (
				en,
			);
			mainGroup = 9B8B173519C2850700A07333;
			productRefGroup = 9B8B173F19C2850700A07333 /* Products */;
			projectDirPath = "";
			projectRoot = "";
			targets = (
				9B8B173D19C2850700A07333 /* JHRefresh */,
			);
		};
/* End PBXProject section */

/* Begin PBXResourcesBuildPhase section */
		9B8B173C19C2850700A07333 /* Resources */ = {
			isa = PBXResourcesBuildPhase;
			buildActionMask = 2147483647;
			files = (
				9BB3B6CF19D3D2360016668A /* Combine.gif in Resources */,
				9BB3B6D019D3D2360016668A /* Common.gif in Resources */,
				9B5AF3A619C97CCC00CD4AFC /* JHRefresh.bundle in Resources */,
				9BE4029E19C288DA002A8F87 /* InfoPlist.strings in Resources */,
				9BB3B6CE19D3D2360016668A /* Amazing.gif in Resources */,
				9BE4029619C28699002A8F87 /* Images.xcassets in Resources */,
			);
			runOnlyForDeploymentPostprocessing = 0;
		};
/* End PBXResourcesBuildPhase section */

/* Begin PBXSourcesBuildPhase section */
		9B8B173A19C2850700A07333 /* Sources */ = {
			isa = PBXSourcesBuildPhase;
			buildActionMask = 2147483647;
			files = (
				9B0F3A2119CACE3900DE3DF9 /* JHRefreshBaseTableViewController.m in Sources */,
				9BE402AC19C2A5C2002A8F87 /* JHRefreshBaseView.m in Sources */,
				9B76577C19C67AEE0098B394 /* JHRefreshHeaderView.m in Sources */,
				9B76578B19C6CE760098B394 /* JHRefreshExampleViewController.m in Sources */,
				9B76578519C6B6C10098B394 /* UIView+JHExtension.m in Sources */,
				9B76578819C6C17B0098B394 /* UIScrollView+JHExtension.m in Sources */,
				9B0F3A1E19CAC36200DE3DF9 /* JHRefreshAmazingExampleController.m in Sources */,
				9B925CDE19D2BDAD0048CE7F /* JHRefreshCombineExampleController.m in Sources */,
				9B76577F19C67E950098B394 /* JHRefreshAniBaseView.m in Sources */,
				9B76577719C672100098B394 /* JHRefreshCommonAniView.m in Sources */,
				9B0F3A1B19CAC34600DE3DF9 /* JHRefreshCommonExampleController.m in Sources */,
				9B4911F719C80565007F607A /* JHRefreshFooterView.m in Sources */,
				9B76579019C6CFE00098B394 /* UIScrollView+JHRefresh.m in Sources */,
				9BE4029919C28699002A8F87 /* main.m in Sources */,
				9B5AF3A419C97C2700CD4AFC /* JHRefreshAmazingAniView.m in Sources */,
				9BE4029719C28699002A8F87 /* JHAppDelegate.m in Sources */,
				9BE402AD19C2A5C2002A8F87 /* JHRefreshConfig.m in Sources */,
			);
			runOnlyForDeploymentPostprocessing = 0;
		};
/* End PBXSourcesBuildPhase section */

/* Begin PBXVariantGroup section */
		9BE4029C19C288DA002A8F87 /* InfoPlist.strings */ = {
			isa = PBXVariantGroup;
			children = (
				9BE4029D19C288DA002A8F87 /* en */,
			);
			name = InfoPlist.strings;
			sourceTree = "<group>";
		};
/* End PBXVariantGroup section */

/* Begin XCBuildConfiguration section */
		9B8B176819C2850800A07333 /* Debug */ = {
			isa = XCBuildConfiguration;
			buildSettings = {
				ALWAYS_SEARCH_USER_PATHS = NO;
				CLANG_CXX_LANGUAGE_STANDARD = "gnu++0x";
				CLANG_CXX_LIBRARY = "libc++";
				CLANG_ENABLE_MODULES = YES;
				CLANG_ENABLE_OBJC_ARC = YES;
				CLANG_WARN_BOOL_CONVERSION = YES;
				CLANG_WARN_CONSTANT_CONVERSION = YES;
				CLANG_WARN_DIRECT_OBJC_ISA_USAGE = YES_ERROR;
				CLANG_WARN_EMPTY_BODY = YES;
				CLANG_WARN_ENUM_CONVERSION = YES;
				CLANG_WARN_INT_CONVERSION = YES;
				CLANG_WARN_OBJC_ROOT_CLASS = YES_ERROR;
				CLANG_WARN__DUPLICATE_METHOD_MATCH = YES;
				"CODE_SIGN_IDENTITY[sdk=iphoneos*]" = "iPhone Developer";
				COPY_PHASE_STRIP = NO;
				GCC_C_LANGUAGE_STANDARD = gnu99;
				GCC_DYNAMIC_NO_PIC = NO;
				GCC_OPTIMIZATION_LEVEL = 0;
				GCC_PREPROCESSOR_DEFINITIONS = (
					"DEBUG=1",
					"$(inherited)",
				);
				GCC_SYMBOLS_PRIVATE_EXTERN = NO;
				GCC_WARN_64_TO_32_BIT_CONVERSION = YES;
				GCC_WARN_ABOUT_RETURN_TYPE = YES_ERROR;
				GCC_WARN_UNDECLARED_SELECTOR = YES;
				GCC_WARN_UNINITIALIZED_AUTOS = YES_AGGRESSIVE;
				GCC_WARN_UNUSED_FUNCTION = YES;
				GCC_WARN_UNUSED_VARIABLE = YES;
				IPHONEOS_DEPLOYMENT_TARGET = 7.1;
				ONLY_ACTIVE_ARCH = YES;
				SDKROOT = iphoneos;
			};
			name = Debug;
		};
		9B8B176919C2850800A07333 /* Release */ = {
			isa = XCBuildConfiguration;
			buildSettings = {
				ALWAYS_SEARCH_USER_PATHS = NO;
				CLANG_CXX_LANGUAGE_STANDARD = "gnu++0x";
				CLANG_CXX_LIBRARY = "libc++";
				CLANG_ENABLE_MODULES = YES;
				CLANG_ENABLE_OBJC_ARC = YES;
				CLANG_WARN_BOOL_CONVERSION = YES;
				CLANG_WARN_CONSTANT_CONVERSION = YES;
				CLANG_WARN_DIRECT_OBJC_ISA_USAGE = YES_ERROR;
				CLANG_WARN_EMPTY_BODY = YES;
				CLANG_WARN_ENUM_CONVERSION = YES;
				CLANG_WARN_INT_CONVERSION = YES;
				CLANG_WARN_OBJC_ROOT_CLASS = YES_ERROR;
				CLANG_WARN__DUPLICATE_METHOD_MATCH = YES;
				"CODE_SIGN_IDENTITY[sdk=iphoneos*]" = "iPhone Developer";
				COPY_PHASE_STRIP = YES;
				ENABLE_NS_ASSERTIONS = NO;
				GCC_C_LANGUAGE_STANDARD = gnu99;
				GCC_WARN_64_TO_32_BIT_CONVERSION = YES;
				GCC_WARN_ABOUT_RETURN_TYPE = YES_ERROR;
				GCC_WARN_UNDECLARED_SELECTOR = YES;
				GCC_WARN_UNINITIALIZED_AUTOS = YES_AGGRESSIVE;
				GCC_WARN_UNUSED_FUNCTION = YES;
				GCC_WARN_UNUSED_VARIABLE = YES;
				IPHONEOS_DEPLOYMENT_TARGET = 7.1;
				SDKROOT = iphoneos;
				VALIDATE_PRODUCT = YES;
			};
			name = Release;
		};
		9B8B176B19C2850800A07333 /* Debug */ = {
			isa = XCBuildConfiguration;
			buildSettings = {
				ASSETCATALOG_COMPILER_APPICON_NAME = AppIcon;
				ASSETCATALOG_COMPILER_LAUNCHIMAGE_NAME = LaunchImage;
				CODE_SIGN_IDENTITY = "";
				"CODE_SIGN_IDENTITY[sdk=iphoneos*]" = "";
				GCC_PRECOMPILE_PREFIX_HEADER = YES;
				GCC_PREFIX_HEADER = "$(SRCROOT)/JHRefreshExample/JHRefresh-Prefix.pch";
				INFOPLIST_FILE = "$(SRCROOT)/JHRefreshExample/JHRefresh-Info.plist";
				IPHONEOS_DEPLOYMENT_TARGET = 6.0;
				PRODUCT_NAME = "$(TARGET_NAME)";
				PROVISIONING_PROFILE = "eea3c11c-fae8-40f8-9438-ac6d9ae6c214";
				WRAPPER_EXTENSION = app;
			};
			name = Debug;
		};
		9B8B176C19C2850800A07333 /* Release */ = {
			isa = XCBuildConfiguration;
			buildSettings = {
				ASSETCATALOG_COMPILER_APPICON_NAME = AppIcon;
				ASSETCATALOG_COMPILER_LAUNCHIMAGE_NAME = LaunchImage;
				CODE_SIGN_IDENTITY = "";
				GCC_PRECOMPILE_PREFIX_HEADER = YES;
				GCC_PREFIX_HEADER = "$(SRCROOT)/JHRefreshExample/JHRefresh-Prefix.pch";
				INFOPLIST_FILE = "$(SRCROOT)/JHRefreshExample/JHRefresh-Info.plist";
				IPHONEOS_DEPLOYMENT_TARGET = 6.0;
				PRODUCT_NAME = "$(TARGET_NAME)";
				PROVISIONING_PROFILE = "d9aef7a6-3dd1-403a-bff8-d71103768579";
				WRAPPER_EXTENSION = app;
			};
			name = Release;
		};
/* End XCBuildConfiguration section */

/* Begin XCConfigurationList section */
		9B8B173919C2850700A07333 /* Build configuration list for PBXProject "JHRefresh" */ = {
			isa = XCConfigurationList;
			buildConfigurations = (
				9B8B176819C2850800A07333 /* Debug */,
				9B8B176919C2850800A07333 /* Release */,
			);
			defaultConfigurationIsVisible = 0;
			defaultConfigurationName = Release;
		};
		9B8B176A19C2850800A07333 /* Build configuration list for PBXNativeTarget "JHRefresh" */ = {
			isa = XCConfigurationList;
			buildConfigurations = (
				9B8B176B19C2850800A07333 /* Debug */,
				9B8B176C19C2850800A07333 /* Release */,
			);
			defaultConfigurationIsVisible = 0;
			defaultConfigurationName = Release;
		};
/* End XCConfigurationList section */
	};
	rootObject = 9B8B173619C2850700A07333 /* Project object */;
}
